
Microsoft Visual Studio Solution File, Format Version 12.00
# Visual Studio Version 17
VisualStudioVersion = 17.8.34330.188
MinimumVisualStudioVersion = 10.0.40219.1
Project("{9A19103F-16F7-4668-BE54-9A1E7A4F7556}") = "DataAccess", "DataAccess\DataAccess.csproj", "{92AE78B3-340F-473F-B378-3A879E359206}"
EndProject
Project("{9A19103F-16F7-4668-BE54-9A1E7A4F7556}") = "UserForm", "UserForm\UserForm.csproj", "{1E2F27C1-5473-4581-8132-50A55F65F54D}"
EndProject
Global
	GlobalSection(SolutionConfigurationPlatforms) = preSolution
		Debug|Any CPU = Debug|Any CPU
		Release|Any CPU = Release|Any CPU
	EndGlobalSection
	GlobalSection(ProjectConfigurationPlatforms) = postSolution
		{92AE78B3-340F-473F-B378-3A879E359206}.Debug|Any CPU.ActiveCfg = Debug|Any CPU
		{92AE78B3-340F-473F-B378-3A879E359206}.Debug|Any CPU.Build.0 = Debug|Any CPU
		{92AE78B3-340F-473F-B378-3A879E359206}.Release|Any CPU.ActiveCfg = Release|Any CPU
		{92AE78B3-340F-473F-B378-3A879E359206}.Release|Any CPU.Build.0 = Release|Any CPU
		{1E2F27C1-5473-4581-8132-50A55F65F54D}.Debug|Any CPU.ActiveCfg = Debug|Any CPU
		{1E2F27C1-5473-4581-8132-50A55F65F54D}.Debug|Any CPU.Build.0 = Debug|Any CPU
		{1E2F27C1-5473-4581-8132-50A55F65F54D}.Release|Any CPU.ActiveCfg = Release|Any CPU
		{1E2F27C1-5473-4581-8132-50A55F65F54D}.Release|Any CPU.Build.0 = Release|Any CPU
	EndGlobalSection
	GlobalSection(SolutionProperties) = preSolution
		HideSolutionNode = FALSE
	EndGlobalSection
	GlobalSection(ExtensibilityGlobals) = postSolution
		SolutionGuid = {337465C6-3FED-459B-96BF-DD13E63D39D7}
	EndGlobalSection
EndGlobal
